dependencies:
  react-player: 2.10.1
  recharts: 2.1.13
lockfileVersion: 5.2
packages:
  /@babel/runtime/7.18.9:
    dependencies:
      regenerator-runtime: 0.13.9
    dev: false
    engines:
      node: '>=6.9.0'
    resolution:
      integrity: sha512-lkqXDcvlFT5rvEjiu6+QYO+1GXrEHRo2LOtS7E4GtX5ESIZOgepqsZBVIj6Pv+a6zqsya9VCgiK1KAK4BvJDAw==
  /classnames/2.3.1:
    dev: false
    resolution:
      integrity: sha512-OlQdbZ7gLfGarSqxesMesDa5uz7KFbID8Kpq/SxIoNGDqY8lSYs0D+hhtBXhcdB3rcbXArFr7vlHheLk1voeNA==
  /css-unit-converter/1.1.2:
    dev: false
    resolution:
      integrity: sha512-IiJwMC8rdZE0+xiEZHeru6YoONC4rfPMqGm2W85jMIbkFvv5nFTwJVFHam2eFrN6txmoUYFAFXiv8ICVeTO0MA==
  /d3-array/3.2.0:
    dependencies:
      internmap: 2.0.3
    dev: false
    engines:
      node: '>=12'
    resolution:
      integrity: sha512-3yXFQo0oG3QCxbF06rMPFyGRMGJNS7NvsV1+2joOjbBE+9xvWQ8+GcMJAjRCzw06zQ3/arXeJgbPYcjUCuC+3g==
  /d3-color/3.1.0:
    dev: false
    engines:
      node: '>=12'
    resolution:
      integrity: sha512-zg/chbXyeBtMQ1LbD/WSoW2DpC3I0mpmPdW+ynRTj/x2DAWYrIY7qeZIHidozwV24m4iavr15lNwIwLxRmOxhA==
  /d3-format/3.1.0:
    dev: false
    engines:
      node: '>=12'
    resolution:
      integrity: sha512-YyUI6AEuY/Wpt8KWLgZHsIU86atmikuoOmCfommt0LYHiQSPjvX2AcFc38PX0CBpr2RCyZhjex+NS/LPOv6YqA==
  /d3-interpolate/3.0.1:
    dependencies:
      d3-color: 3.1.0
    dev: false
    engines:
      node: '>=12'
    resolution:
      integrity: sha512-3bYs1rOD33uo8aqJfKP3JWPAibgw8Zm2+L9vBKEHJ2Rg+viTR7o5Mmv5mZcieN+FRYaAOWX5SJATX6k1PWz72g==
  /d3-path/3.0.1:
    dev: false
    engines:
      node: '>=12'
    resolution:
      integrity: sha512-gq6gZom9AFZby0YLduxT1qmrp4xpBA1YZr19OI717WIdKE2OM5ETq5qrHLb301IgxhLwcuxvGZVLeeWc/k1I6w==
  /d3-scale/4.0.2:
    dependencies:
      d3-array: 3.2.0
      d3-format: 3.1.0
      d3-interpolate: 3.0.1
      d3-time: 3.0.0
      d3-time-format: 4.1.0
    dev: false
    engines:
      node: '>=12'
    resolution:
      integrity: sha512-GZW464g1SH7ag3Y7hXjf8RoUuAFIqklOAq3MRl4OaWabTFJY9PN/E1YklhXLh+OQ3fM9yS2nOkCoS+WLZ6kvxQ==
  /d3-shape/3.1.0:
    dependencies:
      d3-path: 3.0.1
    dev: false
    engines:
      node: '>=12'
    resolution:
      integrity: sha512-tGDh1Muf8kWjEDT/LswZJ8WF85yDZLvVJpYU9Nq+8+yW1Z5enxrmXOhTArlkaElU+CTn0OTVNli+/i+HP45QEQ==
  /d3-time-format/4.1.0:
    dependencies:
      d3-time: 3.0.0
    dev: false
    engines:
      node: '>=12'
    resolution:
      integrity: sha512-dJxPBlzC7NugB2PDLwo9Q8JiTR3M3e4/XANkreKSUxF8vvXKqm1Yfq4Q5dl8budlunRVlUUaDUgFt7eA8D6NLg==
  /d3-time/3.0.0:
    dependencies:
      d3-array: 3.2.0
    dev: false
    engines:
      node: '>=12'
    resolution:
      integrity: sha512-zmV3lRnlaLI08y9IMRXSDshQb5Nj77smnfpnd2LrBa/2K281Jijactokeak14QacHs/kKq0AQ121nidNYlarbQ==
  /decimal.js-light/2.5.1:
    dev: false
    resolution:
      integrity: sha512-qIMFpTMZmny+MMIitAB6D7iVPEorVw6YQRWkvarTkT4tBeSLLiHzcwj6q0MmYSFCiVpiqPJTJEYIrpcPzVEIvg==
  /deepmerge/4.2.2:
    dev: false
    engines:
      node: '>=0.10.0'
    resolution:
      integrity: sha512-FJ3UgI4gIl+PHZm53knsuSFpE+nESMr7M4v9QcgB7S63Kj/6WqMiFQJpBBYz1Pt+66bZpP3Q7Lye0Oo9MPKEdg==
  /dom-helpers/3.4.0:
    dependencies:
      '@babel/runtime': 7.18.9
    dev: false
    resolution:
      integrity: sha512-LnuPJ+dwqKDIyotW1VzmOZ5TONUN7CwkCR5hrgawTUbkBGYdeoNLZo6nNfGkCrjtE1nXXaj7iMMpDa8/d9WoIA==
  /eventemitter3/4.0.7:
    dev: false
    resolution:
      integrity: sha512-8guHBZCwKnFhYdHr2ysuRWErTwhoN2X8XELRlrRwpmfeY2jjuUN4taQMsULKUVo1K4DvZl+0pgfyoysHxvmvEw==
  /fast-equals/2.0.4:
    dev: false
    resolution:
      integrity: sha512-caj/ZmjHljPrZtbzJ3kfH5ia/k4mTJe/qSiXAGzxZWRZgsgDV0cvNaQULqUX8t0/JVlzzEdYOwCN5DmzTxoD4w==
  /internmap/2.0.3:
    dev: false
    engines:
      node: '>=12'
    resolution:
      integrity: sha512-5Hh7Y1wQbvY5ooGgPbDaL5iYLAPzMTUrjMulskHLH6wnv/A+1q5rgEaiuqEjB+oxGXIVZs1FF+R/KPN3ZSQYYg==
  /js-tokens/4.0.0:
    dev: false
    resolution:
      integrity: sha512-RdJUflcE3cUzKiMqQgsCu06FPu9UdIJO0beYbPhHN4k6apgJtifcoCtT9bcxOpYBtpD2kCM6Sbzg4CausW/PKQ==
  /load-script/1.0.0:
    dev: false
    resolution:
      integrity: sha512-kPEjMFtZvwL9TaZo0uZ2ml+Ye9HUMmPwbYRJ324qF9tqMejwykJ5ggTyvzmrbBeapCAbk98BSbTeovHEEP1uCA==
  /lodash/4.17.21:
    dev: false
    resolution:
      integrity: sha512-v2kDEe57lecTulaDIuNTPy3Ry4gLGJ6Z1O3vE1krgXZNrsQ+LFTGHVxVjcXPs17LhbZVGedAJv8XZ1tvj5FvSg==
  /loose-envify/1.4.0:
    dependencies:
      js-tokens: 4.0.0
    dev: false
    hasBin: true
    resolution:
      integrity: sha512-lyuxPGr/Wfhrlem2CL/UcnUc1zcqKAImBDzukY7Y5F/yQiNdko6+fRLevlw1HgMySw7f611UIY408EtxRSoK3Q==
  /memoize-one/5.2.1:
    dev: false
    resolution:
      integrity: sha512-zYiwtZUcYyXKo/np96AGZAckk+FWWsUdJ3cHGGmld7+AhvcWmQyGCYUh1hc4Q/pkOhb65dQR/pqCyK0cOaHz4Q==
  /object-assign/4.1.1:
    dev: false
    engines:
      node: '>=0.10.0'
    resolution:
      integrity: sha512-rJgTQnkUnH1sFw8yT6VSU3zD3sWmu6sZhIseY8VX+GRu3P6F7Fu+JNDoXfklElbLJSnc3FUQHVe4cU5hj+BcUg==
  /postcss-value-parser/3.3.1:
    dev: false
    resolution:
      integrity: sha512-pISE66AbVkp4fDQ7VHBwRNXzAAKJjw4Vw7nWI/+Q3vuly7SNfgYXvm6i5IgFylHGK5sP/xHAbB7N49OS4gWNyQ==
  /prop-types/15.8.1:
    dependencies:
      loose-envify: 1.4.0
      object-assign: 4.1.1
      react-is: 16.13.1
    dev: false
    resolution:
      integrity: sha512-oj87CgZICdulUohogVAR7AjlC0327U4el4L6eAvOqCeudMDVU0NThNaV+b9Df4dXgSP1gXMTnPdhfe/2qDH5cg==
  /react-fast-compare/3.2.0:
    dev: false
    resolution:
      integrity: sha512-rtGImPZ0YyLrscKI9xTpV8psd6I8VAtjKCzQDlzyDvqJA8XOW78TXYQwNRNd8g8JZnDu8q9Fu/1v4HPAVwVdHA==
  /react-is/16.13.1:
    dev: false
    resolution:
      integrity: sha512-24e6ynE2H+OKt4kqsOvNd8kBpV65zoxbA4BVsEOB3ARVWQki/DHzaUoC5KuON/BiccDaCCTZBuOcfZs70kR8bQ==
  /react-lifecycles-compat/3.0.4:
    dev: false
    resolution:
      integrity: sha512-fBASbA6LnOU9dOU2eW7aQ8xmYBSXUIWr+UmF9b1efZBazGNO+rcXT/icdKnYm2pTwcRylVUYwW7H1PHfLekVzA==
  /react-player/2.10.1:
    dependencies:
      deepmerge: 4.2.2
      load-script: 1.0.0
      memoize-one: 5.2.1
      prop-types: 15.8.1
      react-fast-compare: 3.2.0
    dev: false
    peerDependencies:
      react: '>=16.6.0'
    resolution:
      integrity: sha512-ova0jY1Y1lqLYxOehkzbNEju4rFXYVkr5rdGD71nsiG4UKPzRXQPTd3xjoDssheoMNjZ51mjT5ysTrdQ2tEvsg==
  /react-resize-detector/7.1.2:
    dependencies:
      lodash: 4.17.21
    dev: false
    peerDependencies:
      react: ^16.0.0 || ^17.0.0 || ^18.0.0
      react-dom: ^16.0.0 || ^17.0.0 || ^18.0.0
    resolution:
      integrity: sha512-zXnPJ2m8+6oq9Nn8zsep/orts9vQv3elrpA+R8XTcW7DVVUJ9vwDwMXaBtykAYjMnkCIaOoK9vObyR7ZgFNlOw==
  /react-smooth/2.0.1:
    dependencies:
      fast-equals: 2.0.4
      react-transition-group: 2.9.0
    dev: false
    peerDependencies:
      prop-types: ^15.6.0
      react: ^15.0.0 || ^16.0.0 || ^17.0.0 || ^18.0.0
      react-dom: ^15.0.0 || ^16.0.0 || ^17.0.0 || ^18.0.0
    resolution:
      integrity: sha512-Own9TA0GPPf3as4vSwFhDouVfXP15ie/wIHklhyKBH5AN6NFtdk0UpHBnonV11BtqDkAWlt40MOUc+5srmW7NA==
  /react-transition-group/2.9.0:
    dependencies:
      dom-helpers: 3.4.0
      loose-envify: 1.4.0
      prop-types: 15.8.1
      react-lifecycles-compat: 3.0.4
    dev: false
    peerDependencies:
      react: '>=15.0.0'
      react-dom: '>=15.0.0'
    resolution:
      integrity: sha512-+HzNTCHpeQyl4MJ/bdE0u6XRMe9+XG/+aL4mCxVN4DnPBQ0/5bfHWPDuOZUzYdMj94daZaZdCCc1Dzt9R/xSSg==
  /recharts-scale/0.4.5:
    dependencies:
      decimal.js-light: 2.5.1
    dev: false
    resolution:
      integrity: sha512-kivNFO+0OcUNu7jQquLXAxz1FIwZj8nrj+YkOKc5694NbjCvcT6aSZiIzNzd2Kul4o4rTto8QVR9lMNtxD4G1w==
  /recharts/2.1.13:
    dependencies:
      classnames: 2.3.1
      d3-interpolate: 3.0.1
      d3-scale: 4.0.2
      d3-shape: 3.1.0
      eventemitter3: 4.0.7
      lodash: 4.17.21
      react-is: 16.13.1
      react-resize-detector: 7.1.2
      react-smooth: 2.0.1
      recharts-scale: 0.4.5
      reduce-css-calc: 2.1.8
    dev: false
    engines:
      node: '>=12'
    peerDependencies:
      prop-types: ^15.6.0
      react: ^16.0.0 || ^17.0.0 || ^18.0.0
      react-dom: ^16.0.0 || ^17.0.0 || ^18.0.0
    resolution:
      integrity: sha512-9VWu2nzExmfiMFDHKqRFhYlJVmjzQGVKH5rBetXR4EuyEXuu3Y6cVxQuNEdusHhbm4SoPPrVDCwlBdREL3sQPA==
  /reduce-css-calc/2.1.8:
    dependencies:
      css-unit-converter: 1.1.2
      postcss-value-parser: 3.3.1
    dev: false
    resolution:
      integrity: sha512-8liAVezDmUcH+tdzoEGrhfbGcP7nOV4NkGE3a74+qqvE7nt9i4sKLGBuZNOnpI4WiGksiNPklZxva80061QiPg==
  /regenerator-runtime/0.13.9:
    dev: false
    resolution:
      integrity: sha512-p3VT+cOEgxFsRRA9X4lkI1E+k2/CtnKtU4gcxyaCUreilL/vqI6CdZ3wxVUx3UOUg+gnUOQQcRI7BmSI656MYA==
specifiers:
  react-player: ^2.10.1
  recharts: ^2.1.13
